// !$*UTF8*$!
{
	archiveVersion = 1;
	classes = {
	};
	objectVersion = 56;
	objects = {

/* Begin PBXBuildFile section */
		DB8D932D2B8CF06500313359 /* AppDelegate.swift in Sources */ = {isa = PBXBuildFile; fileRef = DB8D932C2B8CF06500313359 /* AppDelegate.swift */; };
		DB8D932F2B8CF06500313359 /* SceneDelegate.swift in Sources */ = {isa = PBXBuildFile; fileRef = DB8D932E2B8CF06500313359 /* SceneDelegate.swift */; };
		DB8D93312B8CF06500313359 /* ViewController.swift in Sources */ = {isa = PBXBuildFile; fileRef = DB8D93302B8CF06500313359 /* ViewController.swift */; };
		DB8D93342B8CF06500313359 /* Main.storyboard in Resources */ = {isa = PBXBuildFile; fileRef = DB8D93322B8CF06500313359 /* Main.storyboard */; };
		DB8D93362B8CF06600313359 /* Assets.xcassets in Resources */ = {isa = PBXBuildFile; fileRef = DB8D93352B8CF06600313359 /* Assets.xcassets */; };
		DB8D93392B8CF06600313359 /* LaunchScreen.storyboard in Resources */ = {isa = PBXBuildFile; fileRef = DB8D93372B8CF06600313359 /* LaunchScreen.storyboard */; };
		DB8D93442B8CF06600313359 /* Tally_AppTests.swift in Sources */ = {isa = PBXBuildFile; fileRef = DB8D93432B8CF06600313359 /* Tally_AppTests.swift */; };
		DB8D934E2B8CF06600313359 /* Tally_AppUITests.swift in Sources */ = {isa = PBXBuildFile; fileRef = DB8D934D2B8CF06600313359 /* Tally_AppUITests.swift */; };
		DB8D93502B8CF06600313359 /* Tally_AppUITestsLaunchTests.swift in Sources */ = {isa = PBXBuildFile; fileRef = DB8D934F2B8CF06600313359 /* Tally_AppUITestsLaunchTests.swift */; };
/* End PBXBuildFile section */

/* Begin PBXContainerItemProxy section */
		DB8D93402B8CF06600313359 /* PBXContainerItemProxy */ = {
			isa = PBXContainerItemProxy;
			containerPortal = DB8D93212B8CF06500313359 /* Project object */;
			proxyType = 1;
			remoteGlobalIDString = DB8D93282B8CF06500313359;
			remoteInfo = "Tally App";
		};
		DB8D934A2B8CF06600313359 /* PBXContainerItemProxy */ = {
			isa = PBXContainerItemProxy;
			containerPortal = DB8D93212B8CF06500313359 /* Project object */;
			proxyType = 1;
			remoteGlobalIDString = DB8D93282B8CF06500313359;
			remoteInfo = "Tally App";
		};
/* End PBXContainerItemProxy section */

/* Begin PBXFileReference section */
		DB8D93292B8CF06500313359 /* Tally App.app */ = {isa = PBXFileReference; explicitFileType = wrapper.application; includeInIndex = 0; path = "Tally App.app"; sourceTree = BUILT_PRODUCTS_DIR; };
		DB8D932C2B8CF06500313359 /* AppDelegate.swift */ = {isa = PBXFileReference; lastKnownFileType = sourcecode.swift; path = AppDelegate.swift; sourceTree = "<group>"; };
		DB8D932E2B8CF06500313359 /* SceneDelegate.swift */ = {isa = PBXFileReference; lastKnownFileType = sourcecode.swift; path = SceneDelegate.swift; sourceTree = "<group>"; };
		DB8D93302B8CF06500313359 /* ViewController.swift */ = {isa = PBXFileReference; lastKnownFileType = sourcecode.swift; path = ViewController.swift; sourceTree = "<group>"; };
		DB8D93332B8CF06500313359 /* Base */ = {isa = PBXFileReference; lastKnownFileType = file.storyboard; name = Base; path = Base.lproj/Main.storyboard; sourceTree = "<group>"; };
		DB8D93352B8CF06600313359 /* Assets.xcassets */ = {isa = PBXFileReference; lastKnownFileType = folder.assetcatalog; path = Assets.xcassets; sourceTree = "<group>"; };
		DB8D93382B8CF06600313359 /* Base */ = {isa = PBXFileReference; lastKnownFileType = file.storyboard; name = Base; path = Base.lproj/LaunchScreen.storyboard; sourceTree = "<group>"; };
		DB8D933A2B8CF06600313359 /* Info.plist */ = {isa = PBXFileReference; lastKnownFileType = text.plist.xml; path = Info.plist; sourceTree = "<group>"; };
		DB8D933F2B8CF06600313359 /* Tally AppTests.xctest */ = {isa = PBXFileReference; explicitFileType = wrapper.cfbundle; includeInIndex = 0; path = "Tally AppTests.xctest"; sourceTree = BUILT_PRODUCTS_DIR; };
		DB8D93432B8CF06600313359 /* Tally_AppTests.swift */ = {isa = PBXFileReference; lastKnownFileType = sourcecode.swift; path = Tally_AppTests.swift; sourceTree = "<group>"; };
		DB8D93492B8CF06600313359 /* Tally AppUITests.xctest */ = {isa = PBXFileReference; explicitFileType = wrapper.cfbundle; includeInIndex = 0; path = "Tally AppUITests.xctest"; sourceTree = BUILT_PRODUCTS_DIR; };
		DB8D934D2B8CF06600313359 /* Tally_AppUITests.swift */ = {isa = PBXFileReference; lastKnownFileType = sourcecode.swift; path = Tally_AppUITests.swift; sourceTree = "<group>"; };
		DB8D934F2B8CF06600313359 /* Tally_AppUITestsLaunchTests.swift */ = {isa = PBXFileReference; lastKnownFileType = sourcecode.swift; path = Tally_AppUITestsLaunchTests.swift; sourceTree = "<group>"; };
/* End PBXFileReference section */

/* Begin PBXFrameworksBuildPhase section */
		DB8D93262B8CF06500313359 /* Frameworks */ = {
			isa = PBXFrameworksBuildPhase;
			buildActionMask = 2147483647;
			files = (
			);
			runOnlyForDeploymentPostprocessing = 0;
		};
		DB8D933C2B8CF06600313359 /* Frameworks */ = {
			isa = PBXFrameworksBuildPhase;
			buildActionMask = 2147483647;
			files = (
			);
			runOnlyForDeploymentPostprocessing = 0;
		};
		DB8D93462B8CF06600313359 /* Frameworks */ = {
			isa = PBXFrameworksBuildPhase;
			buildActionMask = 2147483647;
			files = (
			);
			runOnlyForDeploymentPostprocessing = 0;
		};
/* End PBXFrameworksBuildPhase section */

/* Begin PBXGroup section */
		DB8D93202B8CF06500313359 = {
			isa = PBXGroup;
			children = (
				DB8D932B2B8CF06500313359 /* Tally App */,
				DB8D93422B8CF06600313359 /* Tally AppTests */,
				DB8D934C2B8CF06600313359 /* Tally AppUITests */,
				DB8D932A2B8CF06500313359 /* Products */,
			);
			sourceTree = "<group>";
		};
		DB8D932A2B8CF06500313359 /* Products */ = {
			isa = PBXGroup;
			children = (
				DB8D93292B8CF06500313359 /* Tally App.app */,
				DB8D933F2B8CF06600313359 /* Tally AppTests.xctest */,
				DB8D93492B8CF06600313359 /* Tally AppUITests.xctest */,
			);
			name = Products;
			sourceTree = "<group>";
		};
		DB8D932B2B8CF06500313359 /* Tally App */ = {
			isa = PBXGroup;
			children = (
				DB8D932C2B8CF06500313359 /* AppDelegate.swift */,
				DB8D932E2B8CF06500313359 /* SceneDelegate.swift */,
				DB8D93302B8CF06500313359 /* ViewController.swift */,
				DB8D93322B8CF06500313359 /* Main.storyboard */,
				DB8D93352B8CF06600313359 /* Assets.xcassets */,
				DB8D93372B8CF06600313359 /* LaunchScreen.storyboard */,
				DB8D933A2B8CF06600313359 /* Info.plist */,
			);
			path = "Tally App";
			sourceTree = "<group>";
		};
		DB8D93422B8CF06600313359 /* Tally AppTests */ = {
			isa = PBXGroup;
			children = (
				DB8D93432B8CF06600313359 /* Tally_AppTests.swift */,
			);
			path = "Tally AppTests";
			sourceTree = "<group>";
		};
		DB8D934C2B8CF06600313359 /* Tally AppUITests */ = {
			isa = PBXGroup;
			children = (
				DB8D934D2B8CF06600313359 /* Tally_AppUITests.swift */,
				DB8D934F2B8CF06600313359 /* Tally_AppUITestsLaunchTests.swift */,
			);
			path = "Tally AppUITests";
			sourceTree = "<group>";
		};
/* End PBXGroup section */

/* Begin PBXNativeTarget section */
		DB8D93282B8CF06500313359 /* Tally App */ = {
			isa = PBXNativeTarget;
			buildConfigurationList = DB8D93532B8CF06600313359 /* Build configuration list for PBXNativeTarget "Tally App" */;
			buildPhases = (
				DB8D93252B8CF06500313359 /* Sources */,
				DB8D93262B8CF06500313359 /* Frameworks */,
				DB8D93272B8CF06500313359 /* Resources */,
			);
			buildRules = (
			);
			dependencies = (
			);
			name = "Tally App";
			productName = "Tally App";
			productReference = DB8D93292B8CF06500313359 /* Tally App.app */;
			productType = "com.apple.product-type.application";
		};
		DB8D933E2B8CF06600313359 /* Tally AppTests */ = {
			isa = PBXNativeTarget;
			buildConfigurationList = DB8D93562B8CF06600313359 /* Build configuration list for PBXNativeTarget "Tally AppTests" */;
			buildPhases = (
				DB8D933B2B8CF06600313359 /* Sources */,
				DB8D933C2B8CF06600313359 /* Frameworks */,
				DB8D933D2B8CF06600313359 /* Resources */,
			);
			buildRules = (
			);
			dependencies = (
				DB8D93412B8CF06600313359 /* PBXTargetDependency */,
			);
			name = "Tally AppTests";
			productName = "Tally AppTests";
			productReference = DB8D933F2B8CF06600313359 /* Tally AppTests.xctest */;
			productType = "com.apple.product-type.bundle.unit-test";
		};
		DB8D93482B8CF06600313359 /* Tally AppUITests */ = {
			isa = PBXNativeTarget;
			buildConfigurationList = DB8D93592B8CF06600313359 /* Build configuration list for PBXNativeTarget "Tally AppUITests" */;
			buildPhases = (
				DB8D93452B8CF06600313359 /* Sources */,
				DB8D93462B8CF06600313359 /* Frameworks */,
				DB8D93472B8CF06600313359 /* Resources */,
			);
			buildRules = (
			);
			dependencies = (
				DB8D934B2B8CF06600313359 /* PBXTargetDependency */,
			);
			name = "Tally AppUITests";
			productName = "Tally AppUITests";
			productReference = DB8D93492B8CF06600313359 /* Tally AppUITests.xctest */;
			productType = "com.apple.product-type.bundle.ui-testing";
		};
/* End PBXNativeTarget section */

/* Begin PBXProject section */
		DB8D93212B8CF06500313359 /* Project object */ = {
			isa = PBXProject;
			attributes = {
				BuildIndependentTargetsInParallel = 1;
				LastSwiftUpdateCheck = 1520;
				LastUpgradeCheck = 1520;
				TargetAttributes = {
					DB8D93282B8CF06500313359 = {
						CreatedOnToolsVersion = 15.2;
					};
					DB8D933E2B8CF06600313359 = {
						CreatedOnToolsVersion = 15.2;
						TestTargetID = DB8D93282B8CF06500313359;
					};
					DB8D93482B8CF06600313359 = {
						CreatedOnToolsVersion = 15.2;
						TestTargetID = DB8D93282B8CF06500313359;
					};
				};
			};
			buildConfigurationList = DB8D93242B8CF06500313359 /* Build configuration list for PBXProject "Tally App" */;
			compatibilityVersion = "Xcode 14.0";
			developmentRegion = en;
			hasScannedForEncodings = 0;
			knownRegions = (
				en,
				Base,
			);
			mainGroup = DB8D93202B8CF06500313359;
			productRefGroup = DB8D932A2B8CF06500313359 /* Products */;
			projectDirPath = "";
			projectRoot = "";
			targets = (
				DB8D93282B8CF06500313359 /* Tally App */,
				DB8D933E2B8CF06600313359 /* Tally AppTests */,
				DB8D93482B8CF06600313359 /* Tally AppUITests */,
			);
		};
/* End PBXProject section */

/* Begin PBXResourcesBuildPhase section */
		DB8D93272B8CF06500313359 /* Resources */ = {
			isa = PBXResourcesBuildPhase;
			buildActionMask = 2147483647;
			files = (
				DB8D93392B8CF06600313359 /* LaunchScreen.storyboard in Resources */,
				DB8D93362B8CF06600313359 /* Assets.xcassets in Resources */,
				DB8D93342B8CF06500313359 /* Main.storyboard in Resources */,
			);
			runOnlyForDeploymentPostprocessing = 0;
		};
		DB8D933D2B8CF06600313359 /* Resources */ = {
			isa = PBXResourcesBuildPhase;
			buildActionMask = 2147483647;
			files = (
			);
			runOnlyForDeploymentPostprocessing = 0;
		};
		DB8D93472B8CF06600313359 /* Resources */ = {
			isa = PBXResourcesBuildPhase;
			buildActionMask = 2147483647;
			files = (
			);
			runOnlyForDeploymentPostprocessing = 0;
		};
/* End PBXResourcesBuildPhase section */

/* Begin PBXSourcesBuildPhase section */
		DB8D93252B8CF06500313359 /* Sources */ = {
			isa = PBXSourcesBuildPhase;
			buildActionMask = 2147483647;
			files = (
				DB8D93312B8CF06500313359 /* ViewController.swift in Sources */,
				DB8D932D2B8CF06500313359 /* AppDelegate.swift in Sources */,
				DB8D932F2B8CF06500313359 /* SceneDelegate.swift in Sources */,
			);
			runOnlyForDeploymentPostprocessing = 0;
		};
		DB8D933B2B8CF06600313359 /* Sources */ = {
			isa = PBXSourcesBuildPhase;
			buildActionMask = 2147483647;
			files = (
				DB8D93442B8CF06600313359 /* Tally_AppTests.swift in Sources */,
			);
			runOnlyForDeploymentPostprocessing = 0;
		};
		DB8D93452B8CF06600313359 /* Sources */ = {
			isa = PBXSourcesBuildPhase;
			buildActionMask = 2147483647;
			files = (
				DB8D934E2B8CF06600313359 /* Tally_AppUITests.swift in Sources */,
				DB8D93502B8CF06600313359 /* Tally_AppUITestsLaunchTests.swift in Sources */,
			);
			runOnlyForDeploymentPostprocessing = 0;
		};
/* End PBXSourcesBuildPhase section */

/* Begin PBXTargetDependency section */
		DB8D93412B8CF06600313359 /* PBXTargetDependency */ = {
			isa = PBXTargetDependency;
			target = DB8D93282B8CF06500313359 /* Tally App */;
			targetProxy = DB8D93402B8CF06600313359 /* PBXContainerItemProxy */;
		};
		DB8D934B2B8CF06600313359 /* PBXTargetDependency */ = {
			isa = PBXTargetDependency;
			target = DB8D93282B8CF06500313359 /* Tally App */;
			targetProxy = DB8D934A2B8CF06600313359 /* PBXContainerItemProxy */;
		};
/* End PBXTargetDependency section */

/* Begin PBXVariantGroup section */
		DB8D93322B8CF06500313359 /* Main.storyboard */ = {
			isa = PBXVariantGroup;
			children = (
				DB8D93332B8CF06500313359 /* Base */,
			);
			name = Main.storyboard;
			sourceTree = "<group>";
		};
		DB8D93372B8CF06600313359 /* LaunchScreen.storyboard */ = {
			isa = PBXVariantGroup;
			children = (
				DB8D93382B8CF06600313359 /* Base */,
			);
			name = LaunchScreen.storyboard;
			sourceTree = "<group>";
		};
/* End PBXVariantGroup section */

/* Begin XCBuildConfiguration section */
		DB8D93512B8CF06600313359 /* Debug */ = {
			isa = XCBuildConfiguration;
			buildSettings = {
				ALWAYS_SEARCH_USER_PATHS = NO;
				ASSETCATALOG_COMPILER_GENERATE_SWIFT_ASSET_SYMBOL_EXTENSIONS = YES;
				CLANG_ANALYZER_NONNULL = YES;
				CLANG_ANALYZER_NUMBER_OBJECT_CONVERSION = YES_AGGRESSIVE;
				CLANG_CXX_LANGUAGE_STANDARD = "gnu++20";
				CLANG_ENABLE_MODULES = YES;
				CLANG_ENABLE_OBJC_ARC = YES;
				CLANG_ENABLE_OBJC_WEAK = YES;
				CLANG_WARN_BLOCK_CAPTURE_AUTORELEASING = YES;
				CLANG_WARN_BOOL_CONVERSION = YES;
				CLANG_WARN_COMMA = YES;
				CLANG_WARN_CONSTANT_CONVERSION = YES;
				CLANG_WARN_DEPRECATED_OBJC_IMPLEMENTATIONS = YES;
				CLANG_WARN_DIRECT_OBJC_ISA_USAGE = YES_ERROR;
				CLANG_WARN_DOCUMENTATION_COMMENTS = YES;
				CLANG_WARN_EMPTY_BODY = YES;
				CLANG_WARN_ENUM_CONVERSION = YES;
				CLANG_WARN_INFINITE_RECURSION = YES;
				CLANG_WARN_INT_CONVERSION = YES;
				CLANG_WARN_NON_LITERAL_NULL_CONVERSION = YES;
				CLANG_WARN_OBJC_IMPLICIT_RETAIN_SELF = YES;
				CLANG_WARN_OBJC_LITERAL_CONVERSION = YES;
				CLANG_WARN_OBJC_ROOT_CLASS = YES_ERROR;
				CLANG_WARN_QUOTED_INCLUDE_IN_FRAMEWORK_HEADER = YES;
				CLANG_WARN_RANGE_LOOP_ANALYSIS = YES;
				CLANG_WARN_STRICT_PROTOTYPES = YES;
				CLANG_WARN_SUSPICIOUS_MOVE = YES;
				CLANG_WARN_UNGUARDED_AVAILABILITY = YES_AGGRESSIVE;
				CLANG_WARN_UNREACHABLE_CODE = YES;
				CLANG_WARN__DUPLICATE_METHOD_MATCH = YES;
				COPY_PHASE_STRIP = NO;
				DEBUG_INFORMATION_FORMAT = dwarf;
				ENABLE_STRICT_OBJC_MSGSEND = YES;
				ENABLE_TESTABILITY = YES;
				ENABLE_USER_SCRIPT_SANDBOXING = YES;
				GCC_C_LANGUAGE_STANDARD = gnu17;
				GCC_DYNAMIC_NO_PIC = NO;
				GCC_NO_COMMON_BLOCKS = YES;
				GCC_OPTIMIZATION_LEVEL = 0;
				GCC_PREPROCESSOR_DEFINITIONS = (
					"DEBUG=1",
					"$(inherited)",
				);
				GCC_WARN_64_TO_32_BIT_CONVERSION = YES;
				GCC_WARN_ABOUT_RETURN_TYPE = YES_ERROR;
				GCC_WARN_UNDECLARED_SELECTOR = YES;
				GCC_WARN_UNINITIALIZED_AUTOS = YES_AGGRESSIVE;
				GCC_WARN_UNUSED_FUNCTION = YES;
				GCC_WARN_UNUSED_VARIABLE = YES;
				IPHONEOS_DEPLOYMENT_TARGET = 17.2;
				LOCALIZATION_PREFERS_STRING_CATALOGS = YES;
				MTL_ENABLE_DEBUG_INFO = INCLUDE_SOURCE;
				MTL_FAST_MATH = YES;
				ONLY_ACTIVE_ARCH = YES;
				SDKROOT = iphoneos;
				SWIFT_ACTIVE_COMPILATION_CONDITIONS = "DEBUG $(inherited)";
				SWIFT_OPTIMIZATION_LEVEL = "-Onone";
			};
			name = Debug;
		};
		DB8D93522B8CF06600313359 /* Release */ = {
			isa = XCBuildConfiguration;
			buildSettings = {
				ALWAYS_SEARCH_USER_PATHS = NO;
				ASSETCATALOG_COMPILER_GENERATE_SWIFT_ASSET_SYMBOL_EXTENSIONS = YES;
				CLANG_ANALYZER_NONNULL = YES;
				CLANG_ANALYZER_NUMBER_OBJECT_CONVERSION = YES_AGGRESSIVE;
				CLANG_CXX_LANGUAGE_STANDARD = "gnu++20";
				CLANG_ENABLE_MODULES = YES;
				CLANG_ENABLE_OBJC_ARC = YES;
				CLANG_ENABLE_OBJC_WEAK = YES;
				CLANG_WARN_BLOCK_CAPTURE_AUTORELEASING = YES;
				CLANG_WARN_BOOL_CONVERSION = YES;
				CLANG_WARN_COMMA = YES;
				CLANG_WARN_CONSTANT_CONVERSION = YES;
				CLANG_WARN_DEPRECATED_OBJC_IMPLEMENTATIONS = YES;
				CLANG_WARN_DIRECT_OBJC_ISA_USAGE = YES_ERROR;
				CLANG_WARN_DOCUMENTATION_COMMENTS = YES;
				CLANG_WARN_EMPTY_BODY = YES;
				CLANG_WARN_ENUM_CONVERSION = YES;
				CLANG_WARN_INFINITE_RECURSION = YES;
				CLANG_WARN_INT_CONVERSION = YES;
				CLANG_WARN_NON_LITERAL_NULL_CONVERSION = YES;
				CLANG_WARN_OBJC_IMPLICIT_RETAIN_SELF = YES;
				CLANG_WARN_OBJC_LITERAL_CONVERSION = YES;
				CLANG_WARN_OBJC_ROOT_CLASS = YES_ERROR;
				CLANG_WARN_QUOTED_INCLUDE_IN_FRAMEWORK_HEADER = YES;
				CLANG_WARN_RANGE_LOOP_ANALYSIS = YES;
				CLANG_WARN_STRICT_PROTOTYPES = YES;
				CLANG_WARN_SUSPICIOUS_MOVE = YES;
				CLANG_WARN_UNGUARDED_AVAILABILITY = YES_AGGRESSIVE;
				CLANG_WARN_UNREACHABLE_CODE = YES;
				CLANG_WARN__DUPLICATE_METHOD_MATCH = YES;
				COPY_PHASE_STRIP = NO;
				DEBUG_INFORMATION_FORMAT = "dwarf-with-dsym";
				ENABLE_NS_ASSERTIONS = NO;
				ENABLE_STRICT_OBJC_MSGSEND = YES;
				ENABLE_USER_SCRIPT_SANDBOXING = YES;
				GCC_C_LANGUAGE_STANDARD = gnu17;
				GCC_NO_COMMON_BLOCKS = YES;
				GCC_WARN_64_TO_32_BIT_CONVERSION = YES;
				GCC_WARN_ABOUT_RETURN_TYPE = YES_ERROR;
				GCC_WARN_UNDECLARED_SELECTOR = YES;
				GCC_WARN_UNINITIALIZED_AUTOS = YES_AGGRESSIVE;
				GCC_WARN_UNUSED_FUNCTION = YES;
				GCC_WARN_UNUSED_VARIABLE = YES;
				IPHONEOS_DEPLOYMENT_TARGET = 17.2;
				LOCALIZATION_PREFERS_STRING_CATALOGS = YES;
				MTL_ENABLE_DEBUG_INFO = NO;
				MTL_FAST_MATH = YES;
				SDKROOT = iphoneos;
				SWIFT_COMPILATION_MODE = wholemodule;
				VALIDATE_PRODUCT = YES;
			};
			name = Release;
		};
		DB8D93542B8CF06600313359 /* Debug */ = {
			isa = XCBuildConfiguration;
			buildSettings = {
				ASSETCATALOG_COMPILER_APPICON_NAME = AppIcon;
				ASSETCATALOG_COMPILER_GLOBAL_ACCENT_COLOR_NAME = AccentColor;
				CODE_SIGN_STYLE = Automatic;
				CURRENT_PROJECT_VERSION = 1;
				DEVELOPMENT_TEAM = ZQ9LR78J46;
				GENERATE_INFOPLIST_FILE = YES;
				INFOPLIST_FILE = "Tally App/Info.plist";
				INFOPLIST_KEY_UIApplicationSupportsIndirectInputEvents = YES;
				INFOPLIST_KEY_UILaunchStoryboardName = LaunchScreen;
				INFOPLIST_KEY_UIMainStoryboardFile = Main;
				INFOPLIST_KEY_UISupportedInterfaceOrientations_iPad = "UIInterfaceOrientationPortrait UIInterfaceOrientationPortraitUpsideDown UIInterfaceOrientationLandscapeLeft UIInterfaceOrientationLandscapeRight";
				INFOPLIST_KEY_UISupportedInterfaceOrientations_iPhone = "UIInterfaceOrientationPortrait UIInterfaceOrientationLandscapeLeft UIInterfaceOrientationLandscapeRight";
				LD_RUNPATH_SEARCH_PATHS = (
					"$(inherited)",
					"@executable_path/Frameworks",
				);
				MARKETING_VERSION = 1.0;
				PRODUCT_BUNDLE_IDENTIFIER = "com.Cesar.Tally-App";
				PRODUCT_NAME = "$(TARGET_NAME)";
				SWIFT_EMIT_LOC_STRINGS = YES;
				SWIFT_VERSION = 5.0;
				TARGETED_DEVICE_FAMILY = "1,2";
			};
			name = Debug;
		};
		DB8D93552B8CF06600313359 /* Release */ = {
			isa = XCBuildConfiguration;
			buildSettings = {
				ASSETCATALOG_COMPILER_APPICON_NAME = AppIcon;
				ASSETCATALOG_COMPILER_GLOBAL_ACCENT_COLOR_NAME = AccentColor;
				CODE_SIGN_STYLE = Automatic;
				CURRENT_PROJECT_VERSION = 1;
				DEVELOPMENT_TEAM = ZQ9LR78J46;
				GENERATE_INFOPLIST_FILE = YES;
				INFOPLIST_FILE = "Tally App/Info.plist";
				INFOPLIST_KEY_UIApplicationSupportsIndirectInputEvents = YES;
				INFOPLIST_KEY_UILaunchStoryboardName = LaunchScreen;
				INFOPLIST_KEY_UIMainStoryboardFile = Main;
				INFOPLIST_KEY_UISupportedInterfaceOrientations_iPad = "UIInterfaceOrientationPortrait UIInterfaceOrientationPortraitUpsideDown UIInterfaceOrientationLandscapeLeft UIInterfaceOrientationLandscapeRight";
				INFOPLIST_KEY_UISupportedInterfaceOrientations_iPhone = "UIInterfaceOrientationPortrait UIInterfaceOrientationLandscapeLeft UIInterfaceOrientationLandscapeRight";
				LD_RUNPATH_SEARCH_PATHS = (
					"$(inherited)",
					"@executable_path/Frameworks",
				);
				MARKETING_VERSION = 1.0;
				PRODUCT_BUNDLE_IDENTIFIER = "com.Cesar.Tally-App";
				PRODUCT_NAME = "$(TARGET_NAME)";
				SWIFT_EMIT_LOC_STRINGS = YES;
				SWIFT_VERSION = 5.0;
				TARGETED_DEVICE_FAMILY = "1,2";
			};
			name = Release;
		};
		DB8D93572B8CF06600313359 /* Debug */ = {
			isa = XCBuildConfiguration;
			buildSettings = {
				ALWAYS_EMBED_SWIFT_STANDARD_LIBRARIES = YES;
				BUNDLE_LOADER = "$(TEST_HOST)";
				CODE_SIGN_STYLE = Automatic;
				CURRENT_PROJECT_VERSION = 1;
				DEVELOPMENT_TEAM = ZQ9LR78J46;
				GENERATE_INFOPLIST_FILE = YES;
				IPHONEOS_DEPLOYMENT_TARGET = 17.2;
				MARKETING_VERSION = 1.0;
				PRODUCT_BUNDLE_IDENTIFIER = "com.Cesar.Tally-AppTests";
				PRODUCT_NAME = "$(TARGET_NAME)";
				SWIFT_EMIT_LOC_STRINGS = NO;
				SWIFT_VERSION = 5.0;
				TARGETED_DEVICE_FAMILY = "1,2";
				TEST_HOST = "$(BUILT_PRODUCTS_DIR)/Tally App.app/$(BUNDLE_EXECUTABLE_FOLDER_PATH)/Tally App";
			};
			name = Debug;
		};
		DB8D93582B8CF06600313359 /* Release */ = {
			isa = XCBuildConfiguration;
			buildSettings = {
				ALWAYS_EMBED_SWIFT_STANDARD_LIBRARIES = YES;
				BUNDLE_LOADER = "$(TEST_HOST)";
				CODE_SIGN_STYLE = Automatic;
				CURRENT_PROJECT_VERSION = 1;
				DEVELOPMENT_TEAM = ZQ9LR78J46;
				GENERATE_INFOPLIST_FILE = YES;
				IPHONEOS_DEPLOYMENT_TARGET = 17.2;
				MARKETING_VERSION = 1.0;
				PRODUCT_BUNDLE_IDENTIFIER = "com.Cesar.Tally-AppTests";
				PRODUCT_NAME = "$(TARGET_NAME)";
				SWIFT_EMIT_LOC_STRINGS = NO;
				SWIFT_VERSION = 5.0;
				TARGETED_DEVICE_FAMILY = "1,2";
				TEST_HOST = "$(BUILT_PRODUCTS_DIR)/Tally App.app/$(BUNDLE_EXECUTABLE_FOLDER_PATH)/Tally App";
			};
			name = Release;
		};
		DB8D935A2B8CF06600313359 /* Debug */ = {
			isa = XCBuildConfiguration;
			buildSettings = {
				ALWAYS_EMBED_SWIFT_STANDARD_LIBRARIES = YES;
				CODE_SIGN_STYLE = Automatic;
				CURRENT_PROJECT_VERSION = 1;
				DEVELOPMENT_TEAM = ZQ9LR78J46;
				GENERATE_INFOPLIST_FILE = YES;
				MARKETING_VERSION = 1.0;
				PRODUCT_BUNDLE_IDENTIFIER = "com.Cesar.Tally-AppUITests";
				PRODUCT_NAME = "$(TARGET_NAME)";
				SWIFT_EMIT_LOC_STRINGS = NO;
				SWIFT_VERSION = 5.0;
				TARGETED_DEVICE_FAMILY = "1,2";
				TEST_TARGET_NAME = "Tally App";
			};
			name = Debug;
		};
		DB8D935B2B8CF06600313359 /* Release */ = {
			isa = XCBuildConfiguration;
			buildSettings = {
				ALWAYS_EMBED_SWIFT_STANDARD_LIBRARIES = YES;
				CODE_SIGN_STYLE = Automatic;
				CURRENT_PROJECT_VERSION = 1;
				DEVELOPMENT_TEAM = ZQ9LR78J46;
				GENERATE_INFOPLIST_FILE = YES;
				MARKETING_VERSION = 1.0;
				PRODUCT_BUNDLE_IDENTIFIER = "com.Cesar.Tally-AppUITests";
				PRODUCT_NAME = "$(TARGET_NAME)";
				SWIFT_EMIT_LOC_STRINGS = NO;
				SWIFT_VERSION = 5.0;
				TARGETED_DEVICE_FAMILY = "1,2";
				TEST_TARGET_NAME = "Tally App";
			};
			name = Release;
		};
/* End XCBuildConfiguration section */

/* Begin XCConfigurationList section */
		DB8D93242B8CF06500313359 /* Build configuration list for PBXProject "Tally App" */ = {
			isa = XCConfigurationList;
			buildConfigurations = (
				DB8D93512B8CF06600313359 /* Debug */,
				DB8D93522B8CF06600313359 /* Release */,
			);
			defaultConfigurationIsVisible = 0;
			defaultConfigurationName = Release;
		};
		DB8D93532B8CF06600313359 /* Build configuration list for PBXNativeTarget "Tally App" */ = {
			isa = XCConfigurationList;
			buildConfigurations = (
				DB8D93542B8CF06600313359 /* Debug */,
				DB8D93552B8CF06600313359 /* Release */,
			);
			defaultConfigurationIsVisible = 0;
			defaultConfigurationName = Release;
		};
		DB8D93562B8CF06600313359 /* Build configuration list for PBXNativeTarget "Tally AppTests" */ = {
			isa = XCConfigurationList;
			buildConfigurations = (
				DB8D93572B8CF06600313359 /* Debug */,
				DB8D93582B8CF06600313359 /* Release */,
			);
			defaultConfigurationIsVisible = 0;
			defaultConfigurationName = Release;
		};
		DB8D93592B8CF06600313359 /* Build configuration list for PBXNativeTarget "Tally AppUITests" */ = {
			isa = XCConfigurationList;
			buildConfigurations = (
				DB8D935A2B8CF06600313359 /* Debug */,
				DB8D935B2B8CF06600313359 /* Release */,
			);
			defaultConfigurationIsVisible = 0;
			defaultConfigurationName = Release;
		};
/* End XCConfigurationList section */
	};
	rootObject = DB8D93212B8CF06500313359 /* Project object */;
}
